
Microsoft Visual Studio Solution File, Format Version 12.00
# Visual Studio Version 17
VisualStudioVersion = 17.0.31903.59
MinimumVisualStudioVersion = 10.0.40219.1
Project("{FAE04EC0-301F-11D3-BF4B-00C04F79EFBC}") = "PatientApi", "PatientApi\PatientApi.csproj", "{61CB1CA5-310F-4987-BA3C-8FCAECF51C8B}"
EndProject
Project("{FAE04EC0-301F-11D3-BF4B-00C04F79EFBC}") = "PatientApi.Tests", "PatientApi.Tests\PatientApi.Tests.csproj", "{C284B1E6-1918-4BCB-8B43-0A90669665D2}"
EndProject
Global
	GlobalSection(SolutionConfigurationPlatforms) = preSolution
		Debug|Any CPU = Debug|Any CPU
		Debug|x64 = Debug|x64
		Debug|x86 = Debug|x86
		Release|Any CPU = Release|Any CPU
		Release|x64 = Release|x64
		Release|x86 = Release|x86
	EndGlobalSection
	GlobalSection(ProjectConfigurationPlatforms) = postSolution
		{61CB1CA5-310F-4987-BA3C-8FCAECF51C8B}.Debug|Any CPU.ActiveCfg = Debug|Any CPU
		{61CB1CA5-310F-4987-BA3C-8FCAECF51C8B}.Debug|Any CPU.Build.0 = Debug|Any CPU
		{61CB1CA5-310F-4987-BA3C-8FCAECF51C8B}.Debug|x64.ActiveCfg = Debug|Any CPU
		{61CB1CA5-310F-4987-BA3C-8FCAECF51C8B}.Debug|x64.Build.0 = Debug|Any CPU
		{61CB1CA5-310F-4987-BA3C-8FCAECF51C8B}.Debug|x86.ActiveCfg = Debug|Any CPU
		{61CB1CA5-310F-4987-BA3C-8FCAECF51C8B}.Debug|x86.Build.0 = Debug|Any CPU
		{61CB1CA5-310F-4987-BA3C-8FCAECF51C8B}.Release|Any CPU.ActiveCfg = Release|Any CPU
		{61CB1CA5-310F-4987-BA3C-8FCAECF51C8B}.Release|Any CPU.Build.0 = Release|Any CPU
		{61CB1CA5-310F-4987-BA3C-8FCAECF51C8B}.Release|x64.ActiveCfg = Release|Any CPU
		{61CB1CA5-310F-4987-BA3C-8FCAECF51C8B}.Release|x64.Build.0 = Release|Any CPU
		{61CB1CA5-310F-4987-BA3C-8FCAECF51C8B}.Release|x86.ActiveCfg = Release|Any CPU
		{61CB1CA5-310F-4987-BA3C-8FCAECF51C8B}.Release|x86.Build.0 = Release|Any CPU
		{C284B1E6-1918-4BCB-8B43-0A90669665D2}.Debug|Any CPU.ActiveCfg = Debug|Any CPU
		{C284B1E6-1918-4BCB-8B43-0A90669665D2}.Debug|Any CPU.Build.0 = Debug|Any CPU
		{C284B1E6-1918-4BCB-8B43-0A90669665D2}.Debug|x64.ActiveCfg = Debug|Any CPU
		{C284B1E6-1918-4BCB-8B43-0A90669665D2}.Debug|x64.Build.0 = Debug|Any CPU
		{C284B1E6-1918-4BCB-8B43-0A90669665D2}.Debug|x86.ActiveCfg = Debug|Any CPU
		{C284B1E6-1918-4BCB-8B43-0A90669665D2}.Debug|x86.Build.0 = Debug|Any CPU
		{C284B1E6-1918-4BCB-8B43-0A90669665D2}.Release|Any CPU.ActiveCfg = Release|Any CPU
		{C284B1E6-1918-4BCB-8B43-0A90669665D2}.Release|Any CPU.Build.0 = Release|Any CPU
		{C284B1E6-1918-4BCB-8B43-0A90669665D2}.Release|x64.ActiveCfg = Release|Any CPU
		{C284B1E6-1918-4BCB-8B43-0A90669665D2}.Release|x64.Build.0 = Release|Any CPU
		{C284B1E6-1918-4BCB-8B43-0A90669665D2}.Release|x86.ActiveCfg = Release|Any CPU
		{C284B1E6-1918-4BCB-8B43-0A90669665D2}.Release|x86.Build.0 = Release|Any CPU
	EndGlobalSection
	GlobalSection(SolutionProperties) = preSolution
		HideSolutionNode = FALSE
	EndGlobalSection
	GlobalSection(ExtensibilityGlobals) = postSolution
		SolutionGuid = {4AA5C988-05D8-4E32-8909-6F58884CB13A}
	EndGlobalSection
EndGlobal
